
Microsoft Visual Studio Solution File, Format Version 12.00
# Visual Studio 15
VisualStudioVersion = 15.0.26730.16
MinimumVisualStudioVersion = 10.0.40219.1
Project("{FAE04EC0-301F-11D3-BF4B-00C04F79EFBC}") = "ThemeApp", "ThemeApp\ThemeApp\ThemeApp.csproj", "{77B345CE-3DE3-4658-9C53-9EB228E139CD}"
EndProject
Project("{FAE04EC0-301F-11D3-BF4B-00C04F79EFBC}") = "ThemeApp.Droid", "ThemeApp\ThemeApp.Droid\ThemeApp.Droid.csproj", "{92859211-DFAD-465E-8510-78556CD51703}"
EndProject
Project("{FAE04EC0-301F-11D3-BF4B-00C04F79EFBC}") = "ThemeApp.iOS", "ThemeApp\ThemeApp.iOS\ThemeApp.iOS.csproj", "{9FC4BF8F-29A1-4252-9256-8932A0757422}"
EndProject
Global
	GlobalSection(SolutionConfigurationPlatforms) = preSolution
		Ad-Hoc|Any CPU = Ad-Hoc|Any CPU
		Ad-Hoc|iPhone = Ad-Hoc|iPhone
		Ad-Hoc|iPhoneSimulator = Ad-Hoc|iPhoneSimulator
		AppStore|Any CPU = AppStore|Any CPU
		AppStore|iPhone = AppStore|iPhone
		AppStore|iPhoneSimulator = AppStore|iPhoneSimulator
		Debug|Any CPU = Debug|Any CPU
		Debug|iPhone = Debug|iPhone
		Debug|iPhoneSimulator = Debug|iPhoneSimulator
		Release|Any CPU = Release|Any CPU
		Release|iPhone = Release|iPhone
		Release|iPhoneSimulator = Release|iPhoneSimulator
	EndGlobalSection
	GlobalSection(ProjectConfigurationPlatforms) = postSolution
		{77B345CE-3DE3-4658-9C53-9EB228E139CD}.Ad-Hoc|Any CPU.ActiveCfg = Release|Any CPU
		{77B345CE-3DE3-4658-9C53-9EB228E139CD}.Ad-Hoc|Any CPU.Build.0 = Release|Any CPU
		{77B345CE-3DE3-4658-9C53-9EB228E139CD}.Ad-Hoc|iPhone.ActiveCfg = Release|Any CPU
		{77B345CE-3DE3-4658-9C53-9EB228E139CD}.Ad-Hoc|iPhone.Build.0 = Release|Any CPU
		{77B345CE-3DE3-4658-9C53-9EB228E139CD}.Ad-Hoc|iPhoneSimulator.ActiveCfg = Release|Any CPU
		{77B345CE-3DE3-4658-9C53-9EB228E139CD}.Ad-Hoc|iPhoneSimulator.Build.0 = Release|Any CPU
		{77B345CE-3DE3-4658-9C53-9EB228E139CD}.AppStore|Any CPU.ActiveCfg = Release|Any CPU
		{77B345CE-3DE3-4658-9C53-9EB228E139CD}.AppStore|Any CPU.Build.0 = Release|Any CPU
		{77B345CE-3DE3-4658-9C53-9EB228E139CD}.AppStore|iPhone.ActiveCfg = Release|Any CPU
		{77B345CE-3DE3-4658-9C53-9EB228E139CD}.AppStore|iPhone.Build.0 = Release|Any CPU
		{77B345CE-3DE3-4658-9C53-9EB228E139CD}.AppStore|iPhoneSimulator.ActiveCfg = Release|Any CPU
		{77B345CE-3DE3-4658-9C53-9EB228E139CD}.AppStore|iPhoneSimulator.Build.0 = Release|Any CPU
		{77B345CE-3DE3-4658-9C53-9EB228E139CD}.Debug|Any CPU.ActiveCfg = Debug|Any CPU
		{77B345CE-3DE3-4658-9C53-9EB228E139CD}.Debug|Any CPU.Build.0 = Debug|Any CPU
		{77B345CE-3DE3-4658-9C53-9EB228E139CD}.Debug|iPhone.ActiveCfg = Debug|Any CPU
		{77B345CE-3DE3-4658-9C53-9EB228E139CD}.Debug|iPhone.Build.0 = Debug|Any CPU
		{77B345CE-3DE3-4658-9C53-9EB228E139CD}.Debug|iPhoneSimulator.ActiveCfg = Debug|Any CPU
		{77B345CE-3DE3-4658-9C53-9EB228E139CD}.Debug|iPhoneSimulator.Build.0 = Debug|Any CPU
		{77B345CE-3DE3-4658-9C53-9EB228E139CD}.Release|Any CPU.ActiveCfg = Release|Any CPU
		{77B345CE-3DE3-4658-9C53-9EB228E139CD}.Release|Any CPU.Build.0 = Release|Any CPU
		{77B345CE-3DE3-4658-9C53-9EB228E139CD}.Release|iPhone.ActiveCfg = Release|Any CPU
		{77B345CE-3DE3-4658-9C53-9EB228E139CD}.Release|iPhone.Build.0 = Release|Any CPU
		{77B345CE-3DE3-4658-9C53-9EB228E139CD}.Release|iPhoneSimulator.ActiveCfg = Release|Any CPU
		{77B345CE-3DE3-4658-9C53-9EB228E139CD}.Release|iPhoneSimulator.Build.0 = Release|Any CPU
		{92859211-DFAD-465E-8510-78556CD51703}.Ad-Hoc|Any CPU.ActiveCfg = Release|Any CPU
		{92859211-DFAD-465E-8510-78556CD51703}.Ad-Hoc|Any CPU.Build.0 = Release|Any CPU
		{92859211-DFAD-465E-8510-78556CD51703}.Ad-Hoc|Any CPU.Deploy.0 = Release|Any CPU
		{92859211-DFAD-465E-8510-78556CD51703}.Ad-Hoc|iPhone.ActiveCfg = Release|Any CPU
		{92859211-DFAD-465E-8510-78556CD51703}.Ad-Hoc|iPhone.Build.0 = Release|Any CPU
		{92859211-DFAD-465E-8510-78556CD51703}.Ad-Hoc|iPhone.Deploy.0 = Release|Any CPU
		{92859211-DFAD-465E-8510-78556CD51703}.Ad-Hoc|iPhoneSimulator.ActiveCfg = Release|Any CPU
		{92859211-DFAD-465E-8510-78556CD51703}.Ad-Hoc|iPhoneSimulator.Build.0 = Release|Any CPU
		{92859211-DFAD-465E-8510-78556CD51703}.Ad-Hoc|iPhoneSimulator.Deploy.0 = Release|Any CPU
		{92859211-DFAD-465E-8510-78556CD51703}.AppStore|Any CPU.ActiveCfg = Release|Any CPU
		{92859211-DFAD-465E-8510-78556CD51703}.AppStore|Any CPU.Build.0 = Release|Any CPU
		{92859211-DFAD-465E-8510-78556CD51703}.AppStore|Any CPU.Deploy.0 = Release|Any CPU
		{92859211-DFAD-465E-8510-78556CD51703}.AppStore|iPhone.ActiveCfg = Release|Any CPU
		{92859211-DFAD-465E-8510-78556CD51703}.AppStore|iPhone.Build.0 = Release|Any CPU
		{92859211-DFAD-465E-8510-78556CD51703}.AppStore|iPhone.Deploy.0 = Release|Any CPU
		{92859211-DFAD-465E-8510-78556CD51703}.AppStore|iPhoneSimulator.ActiveCfg = Release|Any CPU
		{92859211-DFAD-465E-8510-78556CD51703}.AppStore|iPhoneSimulator.Build.0 = Release|Any CPU
		{92859211-DFAD-465E-8510-78556CD51703}.AppStore|iPhoneSimulator.Deploy.0 = Release|Any CPU
		{92859211-DFAD-465E-8510-78556CD51703}.Debug|Any CPU.ActiveCfg = Debug|Any CPU
		{92859211-DFAD-465E-8510-78556CD51703}.Debug|Any CPU.Build.0 = Debug|Any CPU
		{92859211-DFAD-465E-8510-78556CD51703}.Debug|Any CPU.Deploy.0 = Debug|Any CPU
		{92859211-DFAD-465E-8510-78556CD51703}.Debug|iPhone.ActiveCfg = Debug|Any CPU
		{92859211-DFAD-465E-8510-78556CD51703}.Debug|iPhone.Build.0 = Debug|Any CPU
		{92859211-DFAD-465E-8510-78556CD51703}.Debug|iPhone.Deploy.0 = Debug|Any CPU
		{92859211-DFAD-465E-8510-78556CD51703}.Debug|iPhoneSimulator.ActiveCfg = Debug|Any CPU
		{92859211-DFAD-465E-8510-78556CD51703}.Debug|iPhoneSimulator.Build.0 = Debug|Any CPU
		{92859211-DFAD-465E-8510-78556CD51703}.Debug|iPhoneSimulator.Deploy.0 = Debug|Any CPU
		{92859211-DFAD-465E-8510-78556CD51703}.Release|Any CPU.ActiveCfg = Release|Any CPU
		{92859211-DFAD-465E-8510-78556CD51703}.Release|Any CPU.Build.0 = Release|Any CPU
		{92859211-DFAD-465E-8510-78556CD51703}.Release|Any CPU.Deploy.0 = Release|Any CPU
		{92859211-DFAD-465E-8510-78556CD51703}.Release|iPhone.ActiveCfg = Release|Any CPU
		{92859211-DFAD-465E-8510-78556CD51703}.Release|iPhone.Build.0 = Release|Any CPU
		{92859211-DFAD-465E-8510-78556CD51703}.Release|iPhone.Deploy.0 = Release|Any CPU
		{92859211-DFAD-465E-8510-78556CD51703}.Release|iPhoneSimulator.ActiveCfg = Release|Any CPU
		{92859211-DFAD-465E-8510-78556CD51703}.Release|iPhoneSimulator.Build.0 = Release|Any CPU
		{92859211-DFAD-465E-8510-78556CD51703}.Release|iPhoneSimulator.Deploy.0 = Release|Any CPU
		{9FC4BF8F-29A1-4252-9256-8932A0757422}.Ad-Hoc|Any CPU.ActiveCfg = Ad-Hoc|iPhone
		{9FC4BF8F-29A1-4252-9256-8932A0757422}.Ad-Hoc|iPhone.ActiveCfg = Ad-Hoc|iPhone
		{9FC4BF8F-29A1-4252-9256-8932A0757422}.Ad-Hoc|iPhone.Build.0 = Ad-Hoc|iPhone
		{9FC4BF8F-29A1-4252-9256-8932A0757422}.Ad-Hoc|iPhoneSimulator.ActiveCfg = Ad-Hoc|iPhoneSimulator
		{9FC4BF8F-29A1-4252-9256-8932A0757422}.Ad-Hoc|iPhoneSimulator.Build.0 = Ad-Hoc|iPhoneSimulator
		{9FC4BF8F-29A1-4252-9256-8932A0757422}.AppStore|Any CPU.ActiveCfg = AppStore|iPhone
		{9FC4BF8F-29A1-4252-9256-8932A0757422}.AppStore|iPhone.ActiveCfg = AppStore|iPhone
		{9FC4BF8F-29A1-4252-9256-8932A0757422}.AppStore|iPhone.Build.0 = AppStore|iPhone
		{9FC4BF8F-29A1-4252-9256-8932A0757422}.AppStore|iPhoneSimulator.ActiveCfg = AppStore|iPhoneSimulator
		{9FC4BF8F-29A1-4252-9256-8932A0757422}.AppStore|iPhoneSimulator.Build.0 = AppStore|iPhoneSimulator
		{9FC4BF8F-29A1-4252-9256-8932A0757422}.Debug|Any CPU.ActiveCfg = Debug|iPhone
		{9FC4BF8F-29A1-4252-9256-8932A0757422}.Debug|iPhone.ActiveCfg = Debug|iPhone
		{9FC4BF8F-29A1-4252-9256-8932A0757422}.Debug|iPhone.Build.0 = Debug|iPhone
		{9FC4BF8F-29A1-4252-9256-8932A0757422}.Debug|iPhoneSimulator.ActiveCfg = Debug|iPhoneSimulator
		{9FC4BF8F-29A1-4252-9256-8932A0757422}.Debug|iPhoneSimulator.Build.0 = Debug|iPhoneSimulator
		{9FC4BF8F-29A1-4252-9256-8932A0757422}.Release|Any CPU.ActiveCfg = Release|iPhone
		{9FC4BF8F-29A1-4252-9256-8932A0757422}.Release|iPhone.ActiveCfg = Release|iPhone
		{9FC4BF8F-29A1-4252-9256-8932A0757422}.Release|iPhone.Build.0 = Release|iPhone
		{9FC4BF8F-29A1-4252-9256-8932A0757422}.Release|iPhoneSimulator.ActiveCfg = Release|iPhoneSimulator
		{9FC4BF8F-29A1-4252-9256-8932A0757422}.Release|iPhoneSimulator.Build.0 = Release|iPhoneSimulator
	EndGlobalSection
	GlobalSection(SolutionProperties) = preSolution
		HideSolutionNode = FALSE
	EndGlobalSection
	GlobalSection(ExtensibilityGlobals) = postSolution
		SolutionGuid = {D43D147F-73A3-4D03-8E46-12B1277E31ED}
	EndGlobalSection
EndGlobal
